dependencies:
- name: postgresql
  repository: oci://registry-1.docker.io/bitnamicharts
  version: 12.6.2
- name: redis
  repository: oci://registry-1.docker.io/bitnamicharts
  version: 17.11.7
digest: sha256:70ffa3c2dabde4f3c7218ae7e579a4d2fe251f394854aa3e1949917460a24136
generated: "2023-07-05T21:51:02.564083+02:00"
